// !$*UTF8*$!
{
	archiveVersion = 1;
	classes = {
	};
	objectVersion = 46;
	objects = {

/* Begin PBXBuildFile section */
		1804363B1B91E19B00B8DAD4 /* main.m in Sources */ = {isa = PBXBuildFile; fileRef = 1804363A1B91E19B00B8DAD4 /* main.m */; };
		1804363E1B91E19B00B8DAD4 /* AppDelegate.m in Sources */ = {isa = PBXBuildFile; fileRef = 1804363D1B91E19B00B8DAD4 /* AppDelegate.m */; };
		180436411B91E19B00B8DAD4 /* ViewController.m in Sources */ = {isa = PBXBuildFile; fileRef = 180436401B91E19B00B8DAD4 /* ViewController.m */; };
		180436441B91E19B00B8DAD4 /* Main.storyboard in Resources */ = {isa = PBXBuildFile; fileRef = 180436421B91E19B00B8DAD4 /* Main.storyboard */; };
		180436461B91E19B00B8DAD4 /* Images.xcassets in Resources */ = {isa = PBXBuildFile; fileRef = 180436451B91E19B00B8DAD4 /* Images.xcassets */; };
		180436491B91E19B00B8DAD4 /* LaunchScreen.xib in Resources */ = {isa = PBXBuildFile; fileRef = 180436471B91E19B00B8DAD4 /* LaunchScreen.xib */; };
		180436551B91E19B00B8DAD4 /* Control_FunTests.m in Sources */ = {isa = PBXBuildFile; fileRef = 180436541B91E19B00B8DAD4 /* Control_FunTests.m */; };
/* End PBXBuildFile section */

/* Begin PBXContainerItemProxy section */
		1804364F1B91E19B00B8DAD4 /* PBXContainerItemProxy */ = {
			isa = PBXContainerItemProxy;
			containerPortal = 1804362D1B91E19B00B8DAD4 /* Project object */;
			proxyType = 1;
			remoteGlobalIDString = 180436341B91E19B00B8DAD4;
			remoteInfo = "Control Fun";
		};
/* End PBXContainerItemProxy section */

/* Begin PBXFileReference section */
		180436351B91E19B00B8DAD4 /* Control Fun.app */ = {isa = PBXFileReference; explicitFileType = wrapper.application; includeInIndex = 0; path = "Control Fun.app"; sourceTree = BUILT_PRODUCTS_DIR; };
		180436391B91E19B00B8DAD4 /* Info.plist */ = {isa = PBXFileReference; lastKnownFileType = text.plist.xml; path = Info.plist; sourceTree = "<group>"; };
		1804363A1B91E19B00B8DAD4 /* main.m */ = {isa = PBXFileReference; lastKnownFileType = sourcecode.c.objc; path = main.m; sourceTree = "<group>"; };
		1804363C1B91E19B00B8DAD4 /* AppDelegate.h */ = {isa = PBXFileReference; lastKnownFileType = sourcecode.c.h; path = AppDelegate.h; sourceTree = "<group>"; };
		1804363D1B91E19B00B8DAD4 /* AppDelegate.m */ = {isa = PBXFileReference; lastKnownFileType = sourcecode.c.objc; path = AppDelegate.m; sourceTree = "<group>"; };
		1804363F1B91E19B00B8DAD4 /* ViewController.h */ = {isa = PBXFileReference; lastKnownFileType = sourcecode.c.h; path = ViewController.h; sourceTree = "<group>"; };
		180436401B91E19B00B8DAD4 /* ViewController.m */ = {isa = PBXFileReference; lastKnownFileType = sourcecode.c.objc; path = ViewController.m; sourceTree = "<group>"; };
		180436431B91E19B00B8DAD4 /* Base */ = {isa = PBXFileReference; lastKnownFileType = file.storyboard; name = Base; path = Base.lproj/Main.storyboard; sourceTree = "<group>"; };
		180436451B91E19B00B8DAD4 /* Images.xcassets */ = {isa = PBXFileReference; lastKnownFileType = folder.assetcatalog; path = Images.xcassets; sourceTree = "<group>"; };
		180436481B91E19B00B8DAD4 /* Base */ = {isa = PBXFileReference; lastKnownFileType = file.xib; name = Base; path = Base.lproj/LaunchScreen.xib; sourceTree = "<group>"; };
		1804364E1B91E19B00B8DAD4 /* Control FunTests.xctest */ = {isa = PBXFileReference; explicitFileType = wrapper.cfbundle; includeInIndex = 0; path = "Control FunTests.xctest"; sourceTree = BUILT_PRODUCTS_DIR; };
		180436531B91E19B00B8DAD4 /* Info.plist */ = {isa = PBXFileReference; lastKnownFileType = text.plist.xml; path = Info.plist; sourceTree = "<group>"; };
		180436541B91E19B00B8DAD4 /* Control_FunTests.m */ = {isa = PBXFileReference; lastKnownFileType = sourcecode.c.objc; path = Control_FunTests.m; sourceTree = "<group>"; };
/* End PBXFileReference section */

/* Begin PBXFrameworksBuildPhase section */
		180436321B91E19B00B8DAD4 /* Frameworks */ = {
			isa = PBXFrameworksBuildPhase;
			buildActionMask = 2147483647;
			files = (
			);
			runOnlyForDeploymentPostprocessing = 0;
		};
		1804364B1B91E19B00B8DAD4 /* Frameworks */ = {
			isa = PBXFrameworksBuildPhase;
			buildActionMask = 2147483647;
			files = (
			);
			runOnlyForDeploymentPostprocessing = 0;
		};
/* End PBXFrameworksBuildPhase section */

/* Begin PBXGroup section */
		1804362C1B91E19B00B8DAD4 = {
			isa = PBXGroup;
			children = (
				180436371B91E19B00B8DAD4 /* Control Fun */,
				180436511B91E19B00B8DAD4 /* Control FunTests */,
				180436361B91E19B00B8DAD4 /* Products */,
			);
			sourceTree = "<group>";
		};
		180436361B91E19B00B8DAD4 /* Products */ = {
			isa = PBXGroup;
			children = (
				180436351B91E19B00B8DAD4 /* Control Fun.app */,
				1804364E1B91E19B00B8DAD4 /* Control FunTests.xctest */,
			);
			name = Products;
			sourceTree = "<group>";
		};
		180436371B91E19B00B8DAD4 /* Control Fun */ = {
			isa = PBXGroup;
			children = (
				1804363C1B91E19B00B8DAD4 /* AppDelegate.h */,
				1804363D1B91E19B00B8DAD4 /* AppDelegate.m */,
				1804363F1B91E19B00B8DAD4 /* ViewController.h */,
				180436401B91E19B00B8DAD4 /* ViewController.m */,
				180436421B91E19B00B8DAD4 /* Main.storyboard */,
				180436451B91E19B00B8DAD4 /* Images.xcassets */,
				180436471B91E19B00B8DAD4 /* LaunchScreen.xib */,
				180436381B91E19B00B8DAD4 /* Supporting Files */,
			);
			path = "Control Fun";
			sourceTree = "<group>";
		};
		180436381B91E19B00B8DAD4 /* Supporting Files */ = {
			isa = PBXGroup;
			children = (
				180436391B91E19B00B8DAD4 /* Info.plist */,
				1804363A1B91E19B00B8DAD4 /* main.m */,
			);
			name = "Supporting Files";
			sourceTree = "<group>";
		};
		180436511B91E19B00B8DAD4 /* Control FunTests */ = {
			isa = PBXGroup;
			children = (
				180436541B91E19B00B8DAD4 /* Control_FunTests.m */,
				180436521B91E19B00B8DAD4 /* Supporting Files */,
			);
			path = "Control FunTests";
			sourceTree = "<group>";
		};
		180436521B91E19B00B8DAD4 /* Supporting Files */ = {
			isa = PBXGroup;
			children = (
				180436531B91E19B00B8DAD4 /* Info.plist */,
			);
			name = "Supporting Files";
			sourceTree = "<group>";
		};
/* End PBXGroup section */

/* Begin PBXNativeTarget section */
		180436341B91E19B00B8DAD4 /* Control Fun */ = {
			isa = PBXNativeTarget;
			buildConfigurationList = 180436581B91E19B00B8DAD4 /* Build configuration list for PBXNativeTarget "Control Fun" */;
			buildPhases = (
				180436311B91E19B00B8DAD4 /* Sources */,
				180436321B91E19B00B8DAD4 /* Frameworks */,
				180436331B91E19B00B8DAD4 /* Resources */,
			);
			buildRules = (
			);
			dependencies = (
			);
			name = "Control Fun";
			productName = "Control Fun";
			productReference = 180436351B91E19B00B8DAD4 /* Control Fun.app */;
			productType = "com.apple.product-type.application";
		};
		1804364D1B91E19B00B8DAD4 /* Control FunTests */ = {
			isa = PBXNativeTarget;
			buildConfigurationList = 1804365B1B91E19B00B8DAD4 /* Build configuration list for PBXNativeTarget "Control FunTests" */;
			buildPhases = (
				1804364A1B91E19B00B8DAD4 /* Sources */,
				1804364B1B91E19B00B8DAD4 /* Frameworks */,
				1804364C1B91E19B00B8DAD4 /* Resources */,
			);
			buildRules = (
			);
			dependencies = (
				180436501B91E19B00B8DAD4 /* PBXTargetDependency */,
			);
			name = "Control FunTests";
			productName = "Control FunTests";
			productReference = 1804364E1B91E19B00B8DAD4 /* Control FunTests.xctest */;
			productType = "com.apple.product-type.bundle.unit-test";
		};
/* End PBXNativeTarget section */

/* Begin PBXProject section */
		1804362D1B91E19B00B8DAD4 /* Project object */ = {
			isa = PBXProject;
			attributes = {
				LastUpgradeCheck = 0610;
				ORGANIZATIONNAME = St.Works;
				TargetAttributes = {
					180436341B91E19B00B8DAD4 = {
						CreatedOnToolsVersion = 6.1.1;
					};
					1804364D1B91E19B00B8DAD4 = {
						CreatedOnToolsVersion = 6.1.1;
						TestTargetID = 180436341B91E19B00B8DAD4;
					};
				};
			};
			buildConfigurationList = 180436301B91E19B00B8DAD4 /* Build configuration list for PBXProject "Control Fun" */;
			compatibilityVersion = "Xcode 3.2";
			developmentRegion = English;
			hasScannedForEncodings = 0;
			knownRegions = (
				en,
				Base,
			);
			mainGroup = 1804362C1B91E19B00B8DAD4;
			productRefGroup = 180436361B91E19B00B8DAD4 /* Products */;
			projectDirPath = "";
			projectRoot = "";
			targets = (
				180436341B91E19B00B8DAD4 /* Control Fun */,
				1804364D1B91E19B00B8DAD4 /* Control FunTests */,
			);
		};
/* End PBXProject section */

/* Begin PBXResourcesBuildPhase section */
		180436331B91E19B00B8DAD4 /* Resources */ = {
			isa = PBXResourcesBuildPhase;
			buildActionMask = 2147483647;
			files = (
				180436441B91E19B00B8DAD4 /* Main.storyboard in Resources */,
				180436491B91E19B00B8DAD4 /* LaunchScreen.xib in Resources */,
				180436461B91E19B00B8DAD4 /* Images.xcassets in Resources */,
			);
			runOnlyForDeploymentPostprocessing = 0;
		};
		1804364C1B91E19B00B8DAD4 /* Resources */ = {
			isa = PBXResourcesBuildPhase;
			buildActionMask = 2147483647;
			files = (
			);
			runOnlyForDeploymentPostprocessing = 0;
		};
/* End PBXResourcesBuildPhase section */

/* Begin PBXSourcesBuildPhase section */
		180436311B91E19B00B8DAD4 /* Sources */ = {
			isa = PBXSourcesBuildPhase;
			buildActionMask = 2147483647;
			files = (
				180436411B91E19B00B8DAD4 /* ViewController.m in Sources */,
				1804363E1B91E19B00B8DAD4 /* AppDelegate.m in Sources */,
				1804363B1B91E19B00B8DAD4 /* main.m in Sources */,
			);
			runOnlyForDeploymentPostprocessing = 0;
		};
		1804364A1B91E19B00B8DAD4 /* Sources */ = {
			isa = PBXSourcesBuildPhase;
			buildActionMask = 2147483647;
			files = (
				180436551B91E19B00B8DAD4 /* Control_FunTests.m in Sources */,
			);
			runOnlyForDeploymentPostprocessing = 0;
		};
/* End PBXSourcesBuildPhase section */

/* Begin PBXTargetDependency section */
		180436501B91E19B00B8DAD4 /* PBXTargetDependency */ = {
			isa = PBXTargetDependency;
			target = 180436341B91E19B00B8DAD4 /* Control Fun */;
			targetProxy = 1804364F1B91E19B00B8DAD4 /* PBXContainerItemProxy */;
		};
/* End PBXTargetDependency section */

/* Begin PBXVariantGroup section */
		180436421B91E19B00B8DAD4 /* Main.storyboard */ = {
			isa = PBXVariantGroup;
			children = (
				180436431B91E19B00B8DAD4 /* Base */,
			);
			name = Main.storyboard;
			sourceTree = "<group>";
		};
		180436471B91E19B00B8DAD4 /* LaunchScreen.xib */ = {
			isa = PBXVariantGroup;
			children = (
				180436481B91E19B00B8DAD4 /* Base */,
			);
			name = LaunchScreen.xib;
			sourceTree = "<group>";
		};
/* End PBXVariantGroup section */

/* Begin XCBuildConfiguration section */
		180436561B91E19B00B8DAD4 /* Debug */ = {
			isa = XCBuildConfiguration;
			buildSettings = {
				ALWAYS_SEARCH_USER_PATHS = NO;
				CLANG_CXX_LANGUAGE_STANDARD = "gnu++0x";
				CLANG_CXX_LIBRARY = "libc++";
				CLANG_ENABLE_MODULES = YES;
				CLANG_ENABLE_OBJC_ARC = YES;
				CLANG_WARN_BOOL_CONVERSION = YES;
				CLANG_WARN_CONSTANT_CONVERSION = YES;
				CLANG_WARN_DIRECT_OBJC_ISA_USAGE = YES_ERROR;
				CLANG_WARN_EMPTY_BODY = YES;
				CLANG_WARN_ENUM_CONVERSION = YES;
				CLANG_WARN_INT_CONVERSION = YES;
				CLANG_WARN_OBJC_ROOT_CLASS = YES_ERROR;
				CLANG_WARN_UNREACHABLE_CODE = YES;
				CLANG_WARN__DUPLICATE_METHOD_MATCH = YES;
				"CODE_SIGN_IDENTITY[sdk=iphoneos*]" = "iPhone Developer";
				COPY_PHASE_STRIP = NO;
				ENABLE_STRICT_OBJC_MSGSEND = YES;
				GCC_C_LANGUAGE_STANDARD = gnu99;
				GCC_DYNAMIC_NO_PIC = NO;
				GCC_OPTIMIZATION_LEVEL = 0;
				GCC_PREPROCESSOR_DEFINITIONS = (
					"DEBUG=1",
					"$(inherited)",
				);
				GCC_SYMBOLS_PRIVATE_EXTERN = NO;
				GCC_WARN_64_TO_32_BIT_CONVERSION = YES;
				GCC_WARN_ABOUT_RETURN_TYPE = YES_ERROR;
				GCC_WARN_UNDECLARED_SELECTOR = YES;
				GCC_WARN_UNINITIALIZED_AUTOS = YES_AGGRESSIVE;
				GCC_WARN_UNUSED_FUNCTION = YES;
				GCC_WARN_UNUSED_VARIABLE = YES;
				IPHONEOS_DEPLOYMENT_TARGET = 8.1;
				MTL_ENABLE_DEBUG_INFO = YES;
				ONLY_ACTIVE_ARCH = YES;
				SDKROOT = iphoneos;
			};
			name = Debug;
		};
		180436571B91E19B00B8DAD4 /* Release */ = {
			isa = XCBuildConfiguration;
			buildSettings = {
				ALWAYS_SEARCH_USER_PATHS = NO;
				CLANG_CXX_LANGUAGE_STANDARD = "gnu++0x";
				CLANG_CXX_LIBRARY = "libc++";
				CLANG_ENABLE_MODULES = YES;
				CLANG_ENABLE_OBJC_ARC = YES;
				CLANG_WARN_BOOL_CONVERSION = YES;
				CLANG_WARN_CONSTANT_CONVERSION = YES;
				CLANG_WARN_DIRECT_OBJC_ISA_USAGE = YES_ERROR;
				CLANG_WARN_EMPTY_BODY = YES;
				CLANG_WARN_ENUM_CONVERSION = YES;
				CLANG_WARN_INT_CONVERSION = YES;
				CLANG_WARN_OBJC_ROOT_CLASS = YES_ERROR;
				CLANG_WARN_UNREACHABLE_CODE = YES;
				CLANG_WARN__DUPLICATE_METHOD_MATCH = YES;
				"CODE_SIGN_IDENTITY[sdk=iphoneos*]" = "iPhone Developer";
				COPY_PHASE_STRIP = YES;
				ENABLE_NS_ASSERTIONS = NO;
				ENABLE_STRICT_OBJC_MSGSEND = YES;
				GCC_C_LANGUAGE_STANDARD = gnu99;
				GCC_WARN_64_TO_32_BIT_CONVERSION = YES;
				GCC_WARN_ABOUT_RETURN_TYPE = YES_ERROR;
				GCC_WARN_UNDECLARED_SELECTOR = YES;
				GCC_WARN_UNINITIALIZED_AUTOS = YES_AGGRESSIVE;
				GCC_WARN_UNUSED_FUNCTION = YES;
				GCC_WARN_UNUSED_VARIABLE = YES;
				IPHONEOS_DEPLOYMENT_TARGET = 8.1;
				MTL_ENABLE_DEBUG_INFO = NO;
				SDKROOT = iphoneos;
				VALIDATE_PRODUCT = YES;
			};
			name = Release;
		};
		180436591B91E19B00B8DAD4 /* Debug */ = {
			isa = XCBuildConfiguration;
			buildSettings = {
				ASSETCATALOG_COMPILER_APPICON_NAME = AppIcon;
				INFOPLIST_FILE = "Control Fun/Info.plist";
				LD_RUNPATH_SEARCH_PATHS = "$(inherited) @executable_path/Frameworks";
				PRODUCT_NAME = "$(TARGET_NAME)";
			};
			name = Debug;
		};
		1804365A1B91E19B00B8DAD4 /* Release */ = {
			isa = XCBuildConfiguration;
			buildSettings = {
				ASSETCATALOG_COMPILER_APPICON_NAME = AppIcon;
				INFOPLIST_FILE = "Control Fun/Info.plist";
				LD_RUNPATH_SEARCH_PATHS = "$(inherited) @executable_path/Frameworks";
				PRODUCT_NAME = "$(TARGET_NAME)";
			};
			name = Release;
		};
		1804365C1B91E19B00B8DAD4 /* Debug */ = {
			isa = XCBuildConfiguration;
			buildSettings = {
				BUNDLE_LOADER = "$(TEST_HOST)";
				FRAMEWORK_SEARCH_PATHS = (
					"$(SDKROOT)/Developer/Library/Frameworks",
					"$(inherited)",
				);
				GCC_PREPROCESSOR_DEFINITIONS = (
					"DEBUG=1",
					"$(inherited)",
				);
				INFOPLIST_FILE = "Control FunTests/Info.plist";
				LD_RUNPATH_SEARCH_PATHS = "$(inherited) @executable_path/Frameworks @loader_path/Frameworks";
				PRODUCT_NAME = "$(TARGET_NAME)";
				TEST_HOST = "$(BUILT_PRODUCTS_DIR)/Control Fun.app/Control Fun";
			};
			name = Debug;
		};
		1804365D1B91E19B00B8DAD4 /* Release */ = {
			isa = XCBuildConfiguration;
			buildSettings = {
				BUNDLE_LOADER = "$(TEST_HOST)";
				FRAMEWORK_SEARCH_PATHS = (
					"$(SDKROOT)/Developer/Library/Frameworks",
					"$(inherited)",
				);
				INFOPLIST_FILE = "Control FunTests/Info.plist";
				LD_RUNPATH_SEARCH_PATHS = "$(inherited) @executable_path/Frameworks @loader_path/Frameworks";
				PRODUCT_NAME = "$(TARGET_NAME)";
				TEST_HOST = "$(BUILT_PRODUCTS_DIR)/Control Fun.app/Control Fun";
			};
			name = Release;
		};
/* End XCBuildConfiguration section */

/* Begin XCConfigurationList section */
		180436301B91E19B00B8DAD4 /* Build configuration list for PBXProject "Control Fun" */ = {
			isa = XCConfigurationList;
			buildConfigurations = (
				180436561B91E19B00B8DAD4 /* Debug */,
				180436571B91E19B00B8DAD4 /* Release */,
			);
			defaultConfigurationIsVisible = 0;
			defaultConfigurationName = Release;
		};
		180436581B91E19B00B8DAD4 /* Build configuration list for PBXNativeTarget "Control Fun" */ = {
			isa = XCConfigurationList;
			buildConfigurations = (
				180436591B91E19B00B8DAD4 /* Debug */,
				1804365A1B91E19B00B8DAD4 /* Release */,
			);
			defaultConfigurationIsVisible = 0;
		};
		1804365B1B91E19B00B8DAD4 /* Build configuration list for PBXNativeTarget "Control FunTests" */ = {
			isa = XCConfigurationList;
			buildConfigurations = (
				1804365C1B91E19B00B8DAD4 /* Debug */,
				1804365D1B91E19B00B8DAD4 /* Release */,
			);
			defaultConfigurationIsVisible = 0;
		};
/* End XCConfigurationList section */
	};
	rootObject = 1804362D1B91E19B00B8DAD4 /* Project object */;
}
